
Microsoft Visual Studio Solution File, Format Version 12.00
# Visual Studio Version 16
VisualStudioVersion = 16.0.31025.194
MinimumVisualStudioVersion = 10.0.40219.1
Project("{FAE04EC0-301F-11D3-BF4B-00C04F79EFBC}") = "AirsoftLogger", "AirsoftLogger\AirsoftLogger.csproj", "{947F39B2-96E3-4772-B0F5-7CA44BB7D7D2}"
EndProject
Global
	GlobalSection(SolutionConfigurationPlatforms) = preSolution
		Debug|Any CPU = Debug|Any CPU
		Release|Any CPU = Release|Any CPU
	EndGlobalSection
	GlobalSection(ProjectConfigurationPlatforms) = postSolution
		{947F39B2-96E3-4772-B0F5-7CA44BB7D7D2}.Debug|Any CPU.ActiveCfg = Debug|Any CPU
		{947F39B2-96E3-4772-B0F5-7CA44BB7D7D2}.Debug|Any CPU.Build.0 = Debug|Any CPU
		{947F39B2-96E3-4772-B0F5-7CA44BB7D7D2}.Release|Any CPU.ActiveCfg = Release|Any CPU
		{947F39B2-96E3-4772-B0F5-7CA44BB7D7D2}.Release|Any CPU.Build.0 = Release|Any CPU
	EndGlobalSection
	GlobalSection(SolutionProperties) = preSolution
		HideSolutionNode = FALSE
	EndGlobalSection
	GlobalSection(ExtensibilityGlobals) = postSolution
		SolutionGuid = {5103755D-945F-4D9B-AD6B-F2CA4187C87F}
	EndGlobalSection
EndGlobal
